// !$*UTF8*$!
{
	archiveVersion = 1;
	classes = {
	};
	objectVersion = 50;
	objects = {

/* Begin PBXBuildFile section */
		B153F25226DE847F00A0B86F /* SimpleApp.swift in Sources */ = {isa = PBXBuildFile; fileRef = B153F25126DE847F00A0B86F /* SimpleApp.swift */; };
		B153F25426DE847F00A0B86F /* ContentView.swift in Sources */ = {isa = PBXBuildFile; fileRef = B153F25326DE847F00A0B86F /* ContentView.swift */; };
		B153F25626DE848100A0B86F /* Assets.xcassets in Resources */ = {isa = PBXBuildFile; fileRef = B153F25526DE848100A0B86F /* Assets.xcassets */; };
		B153F25926DE848100A0B86F /* Preview Assets.xcassets in Resources */ = {isa = PBXBuildFile; fileRef = B153F25826DE848100A0B86F /* Preview Assets.xcassets */; };
		B153F26426DE848100A0B86F /* SimpleAppTests.swift in Sources */ = {isa = PBXBuildFile; fileRef = B153F26326DE848100A0B86F /* SimpleAppTests.swift */; };
		B153F26F26DE848100A0B86F /* SimpleAppUITests.swift in Sources */ = {isa = PBXBuildFile; fileRef = B153F26E26DE848100A0B86F /* SimpleAppUITests.swift */; };
		B153F27D26DEAB8800A0B86F /* ViewModel.swift in Sources */ = {isa = PBXBuildFile; fileRef = B153F27C26DEAB8800A0B86F /* ViewModel.swift */; };
/* End PBXBuildFile section */

/* Begin PBXContainerItemProxy section */
		B153F26026DE848100A0B86F /* PBXContainerItemProxy */ = {
			isa = PBXContainerItemProxy;
			containerPortal = B153F24626DE847F00A0B86F /* Project object */;
			proxyType = 1;
			remoteGlobalIDString = B153F24D26DE847F00A0B86F;
			remoteInfo = SimpleApp;
		};
		B153F26B26DE848100A0B86F /* PBXContainerItemProxy */ = {
			isa = PBXContainerItemProxy;
			containerPortal = B153F24626DE847F00A0B86F /* Project object */;
			proxyType = 1;
			remoteGlobalIDString = B153F24D26DE847F00A0B86F;
			remoteInfo = SimpleApp;
		};
/* End PBXContainerItemProxy section */

/* Begin PBXFileReference section */
		B153F24E26DE847F00A0B86F /* SimpleApp.app */ = {isa = PBXFileReference; explicitFileType = wrapper.application; includeInIndex = 0; path = SimpleApp.app; sourceTree = BUILT_PRODUCTS_DIR; };
		B153F25126DE847F00A0B86F /* SimpleApp.swift */ = {isa = PBXFileReference; lastKnownFileType = sourcecode.swift; path = SimpleApp.swift; sourceTree = "<group>"; };
		B153F25326DE847F00A0B86F /* ContentView.swift */ = {isa = PBXFileReference; lastKnownFileType = sourcecode.swift; path = ContentView.swift; sourceTree = "<group>"; };
		B153F25526DE848100A0B86F /* Assets.xcassets */ = {isa = PBXFileReference; lastKnownFileType = folder.assetcatalog; path = Assets.xcassets; sourceTree = "<group>"; };
		B153F25826DE848100A0B86F /* Preview Assets.xcassets */ = {isa = PBXFileReference; lastKnownFileType = folder.assetcatalog; path = "Preview Assets.xcassets"; sourceTree = "<group>"; };
		B153F25A26DE848100A0B86F /* Info.plist */ = {isa = PBXFileReference; lastKnownFileType = text.plist.xml; path = Info.plist; sourceTree = "<group>"; };
		B153F25F26DE848100A0B86F /* SimpleAppTests.xctest */ = {isa = PBXFileReference; explicitFileType = wrapper.cfbundle; includeInIndex = 0; path = SimpleAppTests.xctest; sourceTree = BUILT_PRODUCTS_DIR; };
		B153F26326DE848100A0B86F /* SimpleAppTests.swift */ = {isa = PBXFileReference; lastKnownFileType = sourcecode.swift; path = SimpleAppTests.swift; sourceTree = "<group>"; };
		B153F26526DE848100A0B86F /* Info.plist */ = {isa = PBXFileReference; lastKnownFileType = text.plist.xml; path = Info.plist; sourceTree = "<group>"; };
		B153F26A26DE848100A0B86F /* SimpleAppUITests.xctest */ = {isa = PBXFileReference; explicitFileType = wrapper.cfbundle; includeInIndex = 0; path = SimpleAppUITests.xctest; sourceTree = BUILT_PRODUCTS_DIR; };
		B153F26E26DE848100A0B86F /* SimpleAppUITests.swift */ = {isa = PBXFileReference; lastKnownFileType = sourcecode.swift; path = SimpleAppUITests.swift; sourceTree = "<group>"; };
		B153F27026DE848100A0B86F /* Info.plist */ = {isa = PBXFileReference; lastKnownFileType = text.plist.xml; path = Info.plist; sourceTree = "<group>"; };
		B153F27C26DEAB8800A0B86F /* ViewModel.swift */ = {isa = PBXFileReference; lastKnownFileType = sourcecode.swift; path = ViewModel.swift; sourceTree = "<group>"; };
/* End PBXFileReference section */

/* Begin PBXFrameworksBuildPhase section */
		B153F24B26DE847F00A0B86F /* Frameworks */ = {
			isa = PBXFrameworksBuildPhase;
			buildActionMask = 2147483647;
			files = (
			);
			runOnlyForDeploymentPostprocessing = 0;
		};
		B153F25C26DE848100A0B86F /* Frameworks */ = {
			isa = PBXFrameworksBuildPhase;
			buildActionMask = 2147483647;
			files = (
			);
			runOnlyForDeploymentPostprocessing = 0;
		};
		B153F26726DE848100A0B86F /* Frameworks */ = {
			isa = PBXFrameworksBuildPhase;
			buildActionMask = 2147483647;
			files = (
			);
			runOnlyForDeploymentPostprocessing = 0;
		};
/* End PBXFrameworksBuildPhase section */

/* Begin PBXGroup section */
		B153F24526DE847F00A0B86F = {
			isa = PBXGroup;
			children = (
				B153F25026DE847F00A0B86F /* SimpleApp */,
				B153F26226DE848100A0B86F /* SimpleAppTests */,
				B153F26D26DE848100A0B86F /* SimpleAppUITests */,
				B153F24F26DE847F00A0B86F /* Products */,
			);
			sourceTree = "<group>";
		};
		B153F24F26DE847F00A0B86F /* Products */ = {
			isa = PBXGroup;
			children = (
				B153F24E26DE847F00A0B86F /* SimpleApp.app */,
				B153F25F26DE848100A0B86F /* SimpleAppTests.xctest */,
				B153F26A26DE848100A0B86F /* SimpleAppUITests.xctest */,
			);
			name = Products;
			sourceTree = "<group>";
		};
		B153F25026DE847F00A0B86F /* SimpleApp */ = {
			isa = PBXGroup;
			children = (
				B153F25126DE847F00A0B86F /* SimpleApp.swift */,
				B153F25326DE847F00A0B86F /* ContentView.swift */,
				B153F25526DE848100A0B86F /* Assets.xcassets */,
				B153F25A26DE848100A0B86F /* Info.plist */,
				B153F25726DE848100A0B86F /* Preview Content */,
				B153F27C26DEAB8800A0B86F /* ViewModel.swift */,
			);
			path = SimpleApp;
			sourceTree = "<group>";
		};
		B153F25726DE848100A0B86F /* Preview Content */ = {
			isa = PBXGroup;
			children = (
				B153F25826DE848100A0B86F /* Preview Assets.xcassets */,
			);
			path = "Preview Content";
			sourceTree = "<group>";
		};
		B153F26226DE848100A0B86F /* SimpleAppTests */ = {
			isa = PBXGroup;
			children = (
				B153F26326DE848100A0B86F /* SimpleAppTests.swift */,
				B153F26526DE848100A0B86F /* Info.plist */,
			);
			path = SimpleAppTests;
			sourceTree = "<group>";
		};
		B153F26D26DE848100A0B86F /* SimpleAppUITests */ = {
			isa = PBXGroup;
			children = (
				B153F26E26DE848100A0B86F /* SimpleAppUITests.swift */,
				B153F27026DE848100A0B86F /* Info.plist */,
			);
			path = SimpleAppUITests;
			sourceTree = "<group>";
		};
/* End PBXGroup section */

/* Begin PBXNativeTarget section */
		B153F24D26DE847F00A0B86F /* SimpleApp */ = {
			isa = PBXNativeTarget;
			buildConfigurationList = B153F27326DE848100A0B86F /* Build configuration list for PBXNativeTarget "SimpleApp" */;
			buildPhases = (
				B153F24A26DE847F00A0B86F /* Sources */,
				B153F24B26DE847F00A0B86F /* Frameworks */,
				B153F24C26DE847F00A0B86F /* Resources */,
			);
			buildRules = (
			);
			dependencies = (
			);
			name = SimpleApp;
			productName = SimpleApp;
			productReference = B153F24E26DE847F00A0B86F /* SimpleApp.app */;
			productType = "com.apple.product-type.application";
		};
		B153F25E26DE848100A0B86F /* SimpleAppTests */ = {
			isa = PBXNativeTarget;
			buildConfigurationList = B153F27626DE848100A0B86F /* Build configuration list for PBXNativeTarget "SimpleAppTests" */;
			buildPhases = (
				B153F25B26DE848100A0B86F /* Sources */,
				B153F25C26DE848100A0B86F /* Frameworks */,
				B153F25D26DE848100A0B86F /* Resources */,
			);
			buildRules = (
			);
			dependencies = (
				B153F26126DE848100A0B86F /* PBXTargetDependency */,
			);
			name = SimpleAppTests;
			productName = SimpleAppTests;
			productReference = B153F25F26DE848100A0B86F /* SimpleAppTests.xctest */;
			productType = "com.apple.product-type.bundle.unit-test";
		};
		B153F26926DE848100A0B86F /* SimpleAppUITests */ = {
			isa = PBXNativeTarget;
			buildConfigurationList = B153F27926DE848100A0B86F /* Build configuration list for PBXNativeTarget "SimpleAppUITests" */;
			buildPhases = (
				B153F26626DE848100A0B86F /* Sources */,
				B153F26726DE848100A0B86F /* Frameworks */,
				B153F26826DE848100A0B86F /* Resources */,
			);
			buildRules = (
			);
			dependencies = (
				B153F26C26DE848100A0B86F /* PBXTargetDependency */,
			);
			name = SimpleAppUITests;
			productName = SimpleAppUITests;
			productReference = B153F26A26DE848100A0B86F /* SimpleAppUITests.xctest */;
			productType = "com.apple.product-type.bundle.ui-testing";
		};
/* End PBXNativeTarget section */

/* Begin PBXProject section */
		B153F24626DE847F00A0B86F /* Project object */ = {
			isa = PBXProject;
			attributes = {
				LastSwiftUpdateCheck = 1250;
				LastUpgradeCheck = 1250;
				TargetAttributes = {
					B153F24D26DE847F00A0B86F = {
						CreatedOnToolsVersion = 12.5;
					};
					B153F25E26DE848100A0B86F = {
						CreatedOnToolsVersion = 12.5;
						TestTargetID = B153F24D26DE847F00A0B86F;
					};
					B153F26926DE848100A0B86F = {
						CreatedOnToolsVersion = 12.5;
						TestTargetID = B153F24D26DE847F00A0B86F;
					};
				};
			};
			buildConfigurationList = B153F24926DE847F00A0B86F /* Build configuration list for PBXProject "SimpleApp" */;
			compatibilityVersion = "Xcode 9.3";
			developmentRegion = en;
			hasScannedForEncodings = 0;
			knownRegions = (
				en,
				Base,
			);
			mainGroup = B153F24526DE847F00A0B86F;
			productRefGroup = B153F24F26DE847F00A0B86F /* Products */;
			projectDirPath = "";
			projectRoot = "";
			targets = (
				B153F24D26DE847F00A0B86F /* SimpleApp */,
				B153F25E26DE848100A0B86F /* SimpleAppTests */,
				B153F26926DE848100A0B86F /* SimpleAppUITests */,
			);
		};
/* End PBXProject section */

/* Begin PBXResourcesBuildPhase section */
		B153F24C26DE847F00A0B86F /* Resources */ = {
			isa = PBXResourcesBuildPhase;
			buildActionMask = 2147483647;
			files = (
				B153F25926DE848100A0B86F /* Preview Assets.xcassets in Resources */,
				B153F25626DE848100A0B86F /* Assets.xcassets in Resources */,
			);
			runOnlyForDeploymentPostprocessing = 0;
		};
		B153F25D26DE848100A0B86F /* Resources */ = {
			isa = PBXResourcesBuildPhase;
			buildActionMask = 2147483647;
			files = (
			);
			runOnlyForDeploymentPostprocessing = 0;
		};
		B153F26826DE848100A0B86F /* Resources */ = {
			isa = PBXResourcesBuildPhase;
			buildActionMask = 2147483647;
			files = (
			);
			runOnlyForDeploymentPostprocessing = 0;
		};
/* End PBXResourcesBuildPhase section */

/* Begin PBXSourcesBuildPhase section */
		B153F24A26DE847F00A0B86F /* Sources */ = {
			isa = PBXSourcesBuildPhase;
			buildActionMask = 2147483647;
			files = (
				B153F25426DE847F00A0B86F /* ContentView.swift in Sources */,
				B153F27D26DEAB8800A0B86F /* ViewModel.swift in Sources */,
				B153F25226DE847F00A0B86F /* SimpleApp.swift in Sources */,
			);
			runOnlyForDeploymentPostprocessing = 0;
		};
		B153F25B26DE848100A0B86F /* Sources */ = {
			isa = PBXSourcesBuildPhase;
			buildActionMask = 2147483647;
			files = (
				B153F26426DE848100A0B86F /* SimpleAppTests.swift in Sources */,
			);
			runOnlyForDeploymentPostprocessing = 0;
		};
		B153F26626DE848100A0B86F /* Sources */ = {
			isa = PBXSourcesBuildPhase;
			buildActionMask = 2147483647;
			files = (
				B153F26F26DE848100A0B86F /* SimpleAppUITests.swift in Sources */,
			);
			runOnlyForDeploymentPostprocessing = 0;
		};
/* End PBXSourcesBuildPhase section */

/* Begin PBXTargetDependency section */
		B153F26126DE848100A0B86F /* PBXTargetDependency */ = {
			isa = PBXTargetDependency;
			target = B153F24D26DE847F00A0B86F /* SimpleApp */;
			targetProxy = B153F26026DE848100A0B86F /* PBXContainerItemProxy */;
		};
		B153F26C26DE848100A0B86F /* PBXTargetDependency */ = {
			isa = PBXTargetDependency;
			target = B153F24D26DE847F00A0B86F /* SimpleApp */;
			targetProxy = B153F26B26DE848100A0B86F /* PBXContainerItemProxy */;
		};
/* End PBXTargetDependency section */

/* Begin XCBuildConfiguration section */
		B153F27126DE848100A0B86F /* Debug */ = {
			isa = XCBuildConfiguration;
			buildSettings = {
				ALWAYS_SEARCH_USER_PATHS = NO;
				CLANG_ANALYZER_NONNULL = YES;
				CLANG_ANALYZER_NUMBER_OBJECT_CONVERSION = YES_AGGRESSIVE;
				CLANG_CXX_LANGUAGE_STANDARD = "gnu++14";
				CLANG_CXX_LIBRARY = "libc++";
				CLANG_ENABLE_MODULES = YES;
				CLANG_ENABLE_OBJC_ARC = YES;
				CLANG_ENABLE_OBJC_WEAK = YES;
				CLANG_WARN_BLOCK_CAPTURE_AUTORELEASING = YES;
				CLANG_WARN_BOOL_CONVERSION = YES;
				CLANG_WARN_COMMA = YES;
				CLANG_WARN_CONSTANT_CONVERSION = YES;
				CLANG_WARN_DEPRECATED_OBJC_IMPLEMENTATIONS = YES;
				CLANG_WARN_DIRECT_OBJC_ISA_USAGE = YES_ERROR;
				CLANG_WARN_DOCUMENTATION_COMMENTS = YES;
				CLANG_WARN_EMPTY_BODY = YES;
				CLANG_WARN_ENUM_CONVERSION = YES;
				CLANG_WARN_INFINITE_RECURSION = YES;
				CLANG_WARN_INT_CONVERSION = YES;
				CLANG_WARN_NON_LITERAL_NULL_CONVERSION = YES;
				CLANG_WARN_OBJC_IMPLICIT_RETAIN_SELF = YES;
				CLANG_WARN_OBJC_LITERAL_CONVERSION = YES;
				CLANG_WARN_OBJC_ROOT_CLASS = YES_ERROR;
				CLANG_WARN_QUOTED_INCLUDE_IN_FRAMEWORK_HEADER = YES;
				CLANG_WARN_RANGE_LOOP_ANALYSIS = YES;
				CLANG_WARN_STRICT_PROTOTYPES = YES;
				CLANG_WARN_SUSPICIOUS_MOVE = YES;
				CLANG_WARN_UNGUARDED_AVAILABILITY = YES_AGGRESSIVE;
				CLANG_WARN_UNREACHABLE_CODE = YES;
				CLANG_WARN__DUPLICATE_METHOD_MATCH = YES;
				COPY_PHASE_STRIP = NO;
				DEBUG_INFORMATION_FORMAT = dwarf;
				ENABLE_STRICT_OBJC_MSGSEND = YES;
				ENABLE_TESTABILITY = YES;
				GCC_C_LANGUAGE_STANDARD = gnu11;
				GCC_DYNAMIC_NO_PIC = NO;
				GCC_NO_COMMON_BLOCKS = YES;
				GCC_OPTIMIZATION_LEVEL = 0;
				GCC_PREPROCESSOR_DEFINITIONS = (
					"DEBUG=1",
					"$(inherited)",
				);
				GCC_WARN_64_TO_32_BIT_CONVERSION = YES;
				GCC_WARN_ABOUT_RETURN_TYPE = YES_ERROR;
				GCC_WARN_UNDECLARED_SELECTOR = YES;
				GCC_WARN_UNINITIALIZED_AUTOS = YES_AGGRESSIVE;
				GCC_WARN_UNUSED_FUNCTION = YES;
				GCC_WARN_UNUSED_VARIABLE = YES;
				IPHONEOS_DEPLOYMENT_TARGET = 14.5;
				MTL_ENABLE_DEBUG_INFO = INCLUDE_SOURCE;
				MTL_FAST_MATH = YES;
				ONLY_ACTIVE_ARCH = YES;
				SDKROOT = iphoneos;
				SWIFT_ACTIVE_COMPILATION_CONDITIONS = DEBUG;
				SWIFT_OPTIMIZATION_LEVEL = "-Onone";
			};
			name = Debug;
		};
		B153F27226DE848100A0B86F /* Release */ = {
			isa = XCBuildConfiguration;
			buildSettings = {
				ALWAYS_SEARCH_USER_PATHS = NO;
				CLANG_ANALYZER_NONNULL = YES;
				CLANG_ANALYZER_NUMBER_OBJECT_CONVERSION = YES_AGGRESSIVE;
				CLANG_CXX_LANGUAGE_STANDARD = "gnu++14";
				CLANG_CXX_LIBRARY = "libc++";
				CLANG_ENABLE_MODULES = YES;
				CLANG_ENABLE_OBJC_ARC = YES;
				CLANG_ENABLE_OBJC_WEAK = YES;
				CLANG_WARN_BLOCK_CAPTURE_AUTORELEASING = YES;
				CLANG_WARN_BOOL_CONVERSION = YES;
				CLANG_WARN_COMMA = YES;
				CLANG_WARN_CONSTANT_CONVERSION = YES;
				CLANG_WARN_DEPRECATED_OBJC_IMPLEMENTATIONS = YES;
				CLANG_WARN_DIRECT_OBJC_ISA_USAGE = YES_ERROR;
				CLANG_WARN_DOCUMENTATION_COMMENTS = YES;
				CLANG_WARN_EMPTY_BODY = YES;
				CLANG_WARN_ENUM_CONVERSION = YES;
				CLANG_WARN_INFINITE_RECURSION = YES;
				CLANG_WARN_INT_CONVERSION = YES;
				CLANG_WARN_NON_LITERAL_NULL_CONVERSION = YES;
				CLANG_WARN_OBJC_IMPLICIT_RETAIN_SELF = YES;
				CLANG_WARN_OBJC_LITERAL_CONVERSION = YES;
				CLANG_WARN_OBJC_ROOT_CLASS = YES_ERROR;
				CLANG_WARN_QUOTED_INCLUDE_IN_FRAMEWORK_HEADER = YES;
				CLANG_WARN_RANGE_LOOP_ANALYSIS = YES;
				CLANG_WARN_STRICT_PROTOTYPES = YES;
				CLANG_WARN_SUSPICIOUS_MOVE = YES;
				CLANG_WARN_UNGUARDED_AVAILABILITY = YES_AGGRESSIVE;
				CLANG_WARN_UNREACHABLE_CODE = YES;
				CLANG_WARN__DUPLICATE_METHOD_MATCH = YES;
				COPY_PHASE_STRIP = NO;
				DEBUG_INFORMATION_FORMAT = "dwarf-with-dsym";
				ENABLE_NS_ASSERTIONS = NO;
				ENABLE_STRICT_OBJC_MSGSEND = YES;
				GCC_C_LANGUAGE_STANDARD = gnu11;
				GCC_NO_COMMON_BLOCKS = YES;
				GCC_WARN_64_TO_32_BIT_CONVERSION = YES;
				GCC_WARN_ABOUT_RETURN_TYPE = YES_ERROR;
				GCC_WARN_UNDECLARED_SELECTOR = YES;
				GCC_WARN_UNINITIALIZED_AUTOS = YES_AGGRESSIVE;
				GCC_WARN_UNUSED_FUNCTION = YES;
				GCC_WARN_UNUSED_VARIABLE = YES;
				IPHONEOS_DEPLOYMENT_TARGET = 14.5;
				MTL_ENABLE_DEBUG_INFO = NO;
				MTL_FAST_MATH = YES;
				SDKROOT = iphoneos;
				SWIFT_COMPILATION_MODE = wholemodule;
				SWIFT_OPTIMIZATION_LEVEL = "-O";
				VALIDATE_PRODUCT = YES;
			};
			name = Release;
		};
		B153F27426DE848100A0B86F /* Debug */ = {
			isa = XCBuildConfiguration;
			buildSettings = {
				ASSETCATALOG_COMPILER_APPICON_NAME = AppIcon;
				ASSETCATALOG_COMPILER_GLOBAL_ACCENT_COLOR_NAME = AccentColor;
				CODE_SIGN_STYLE = Automatic;
				DEVELOPMENT_ASSET_PATHS = "\"SimpleApp/Preview Content\"";
				ENABLE_PREVIEWS = YES;
				INFOPLIST_FILE = SimpleApp/Info.plist;
				IPHONEOS_DEPLOYMENT_TARGET = 14.0;
				LD_RUNPATH_SEARCH_PATHS = (
					"$(inherited)",
					"@executable_path/Frameworks",
				);
				PRODUCT_BUNDLE_IDENTIFIER = com.mikhaildudarev.SimpleApp;
				PRODUCT_NAME = "$(TARGET_NAME)";
				SWIFT_VERSION = 5.0;
				TARGETED_DEVICE_FAMILY = "1,2";
			};
			name = Debug;
		};
		B153F27526DE848100A0B86F /* Release */ = {
			isa = XCBuildConfiguration;
			buildSettings = {
				ASSETCATALOG_COMPILER_APPICON_NAME = AppIcon;
				ASSETCATALOG_COMPILER_GLOBAL_ACCENT_COLOR_NAME = AccentColor;
				CODE_SIGN_STYLE = Automatic;
				DEVELOPMENT_ASSET_PATHS = "\"SimpleApp/Preview Content\"";
				ENABLE_PREVIEWS = YES;
				INFOPLIST_FILE = SimpleApp/Info.plist;
				IPHONEOS_DEPLOYMENT_TARGET = 14.0;
				LD_RUNPATH_SEARCH_PATHS = (
					"$(inherited)",
					"@executable_path/Frameworks",
				);
				PRODUCT_BUNDLE_IDENTIFIER = com.mikhaildudarev.SimpleApp;
				PRODUCT_NAME = "$(TARGET_NAME)";
				SWIFT_VERSION = 5.0;
				TARGETED_DEVICE_FAMILY = "1,2";
			};
			name = Release;
		};
		B153F27726DE848100A0B86F /* Debug */ = {
			isa = XCBuildConfiguration;
			buildSettings = {
				ALWAYS_EMBED_SWIFT_STANDARD_LIBRARIES = YES;
				BUNDLE_LOADER = "$(TEST_HOST)";
				CODE_SIGN_STYLE = Automatic;
				INFOPLIST_FILE = SimpleAppTests/Info.plist;
				IPHONEOS_DEPLOYMENT_TARGET = 14.0;
				LD_RUNPATH_SEARCH_PATHS = (
					"$(inherited)",
					"@executable_path/Frameworks",
					"@loader_path/Frameworks",
				);
				PRODUCT_BUNDLE_IDENTIFIER = com.mikhaildudarev.SimpleAppTests;
				PRODUCT_NAME = "$(TARGET_NAME)";
				SWIFT_VERSION = 5.0;
				TARGETED_DEVICE_FAMILY = "1,2";
				TEST_HOST = "$(BUILT_PRODUCTS_DIR)/SimpleApp.app/SimpleApp";
			};
			name = Debug;
		};
		B153F27826DE848100A0B86F /* Release */ = {
			isa = XCBuildConfiguration;
			buildSettings = {
				ALWAYS_EMBED_SWIFT_STANDARD_LIBRARIES = YES;
				BUNDLE_LOADER = "$(TEST_HOST)";
				CODE_SIGN_STYLE = Automatic;
				INFOPLIST_FILE = SimpleAppTests/Info.plist;
				IPHONEOS_DEPLOYMENT_TARGET = 14.0;
				LD_RUNPATH_SEARCH_PATHS = (
					"$(inherited)",
					"@executable_path/Frameworks",
					"@loader_path/Frameworks",
				);
				PRODUCT_BUNDLE_IDENTIFIER = com.mikhaildudarev.SimpleAppTests;
				PRODUCT_NAME = "$(TARGET_NAME)";
				SWIFT_VERSION = 5.0;
				TARGETED_DEVICE_FAMILY = "1,2";
				TEST_HOST = "$(BUILT_PRODUCTS_DIR)/SimpleApp.app/SimpleApp";
			};
			name = Release;
		};
		B153F27A26DE848100A0B86F /* Debug */ = {
			isa = XCBuildConfiguration;
			buildSettings = {
				ALWAYS_EMBED_SWIFT_STANDARD_LIBRARIES = YES;
				CODE_SIGN_STYLE = Automatic;
				INFOPLIST_FILE = SimpleAppUITests/Info.plist;
				LD_RUNPATH_SEARCH_PATHS = (
					"$(inherited)",
					"@executable_path/Frameworks",
					"@loader_path/Frameworks",
				);
				PRODUCT_BUNDLE_IDENTIFIER = com.mikhaildudarev.SimpleAppUITests;
				PRODUCT_NAME = "$(TARGET_NAME)";
				SWIFT_VERSION = 5.0;
				TARGETED_DEVICE_FAMILY = "1,2";
				TEST_TARGET_NAME = SimpleApp;
			};
			name = Debug;
		};
		B153F27B26DE848100A0B86F /* Release */ = {
			isa = XCBuildConfiguration;
			buildSettings = {
				ALWAYS_EMBED_SWIFT_STANDARD_LIBRARIES = YES;
				CODE_SIGN_STYLE = Automatic;
				INFOPLIST_FILE = SimpleAppUITests/Info.plist;
				LD_RUNPATH_SEARCH_PATHS = (
					"$(inherited)",
					"@executable_path/Frameworks",
					"@loader_path/Frameworks",
				);
				PRODUCT_BUNDLE_IDENTIFIER = com.mikhaildudarev.SimpleAppUITests;
				PRODUCT_NAME = "$(TARGET_NAME)";
				SWIFT_VERSION = 5.0;
				TARGETED_DEVICE_FAMILY = "1,2";
				TEST_TARGET_NAME = SimpleApp;
			};
			name = Release;
		};
/* End XCBuildConfiguration section */

/* Begin XCConfigurationList section */
		B153F24926DE847F00A0B86F /* Build configuration list for PBXProject "SimpleApp" */ = {
			isa = XCConfigurationList;
			buildConfigurations = (
				B153F27126DE848100A0B86F /* Debug */,
				B153F27226DE848100A0B86F /* Release */,
			);
			defaultConfigurationIsVisible = 0;
			defaultConfigurationName = Release;
		};
		B153F27326DE848100A0B86F /* Build configuration list for PBXNativeTarget "SimpleApp" */ = {
			isa = XCConfigurationList;
			buildConfigurations = (
				B153F27426DE848100A0B86F /* Debug */,
				B153F27526DE848100A0B86F /* Release */,
			);
			defaultConfigurationIsVisible = 0;
			defaultConfigurationName = Release;
		};
		B153F27626DE848100A0B86F /* Build configuration list for PBXNativeTarget "SimpleAppTests" */ = {
			isa = XCConfigurationList;
			buildConfigurations = (
				B153F27726DE848100A0B86F /* Debug */,
				B153F27826DE848100A0B86F /* Release */,
			);
			defaultConfigurationIsVisible = 0;
			defaultConfigurationName = Release;
		};
		B153F27926DE848100A0B86F /* Build configuration list for PBXNativeTarget "SimpleAppUITests" */ = {
			isa = XCConfigurationList;
			buildConfigurations = (
				B153F27A26DE848100A0B86F /* Debug */,
				B153F27B26DE848100A0B86F /* Release */,
			);
			defaultConfigurationIsVisible = 0;
			defaultConfigurationName = Release;
		};
/* End XCConfigurationList section */
	};
	rootObject = B153F24626DE847F00A0B86F /* Project object */;
}
